// !$*UTF8*$!
{
	archiveVersion = 1;
	classes = {
	};
	objectVersion = 56;
	objects = {

/* Begin PBXBuildFile section */
		E36201042BBD02350075B3CF /* AppDelegate.swift in Sources */ = {isa = PBXBuildFile; fileRef = E36201032BBD02350075B3CF /* AppDelegate.swift */; };
		E36201062BBD02350075B3CF /* SceneDelegate.swift in Sources */ = {isa = PBXBuildFile; fileRef = E36201052BBD02350075B3CF /* SceneDelegate.swift */; };
		E36201082BBD02350075B3CF /* ViewController.swift in Sources */ = {isa = PBXBuildFile; fileRef = E36201072BBD02350075B3CF /* ViewController.swift */; };
		E362010B2BBD02350075B3CF /* Main.storyboard in Resources */ = {isa = PBXBuildFile; fileRef = E36201092BBD02350075B3CF /* Main.storyboard */; };
		E362010D2BBD02360075B3CF /* Assets.xcassets in Resources */ = {isa = PBXBuildFile; fileRef = E362010C2BBD02360075B3CF /* Assets.xcassets */; };
		E36201102BBD02360075B3CF /* LaunchScreen.storyboard in Resources */ = {isa = PBXBuildFile; fileRef = E362010E2BBD02360075B3CF /* LaunchScreen.storyboard */; };
		E362011B2BBD02360075B3CF /* recruitment_sdd_study_case_2Tests.swift in Sources */ = {isa = PBXBuildFile; fileRef = E362011A2BBD02360075B3CF /* recruitment_sdd_study_case_2Tests.swift */; };
		E36201252BBD02360075B3CF /* recruitment_sdd_study_case_2UITests.swift in Sources */ = {isa = PBXBuildFile; fileRef = E36201242BBD02360075B3CF /* recruitment_sdd_study_case_2UITests.swift */; };
		E36201272BBD02360075B3CF /* recruitment_sdd_study_case_2UITestsLaunchTests.swift in Sources */ = {isa = PBXBuildFile; fileRef = E36201262BBD02360075B3CF /* recruitment_sdd_study_case_2UITestsLaunchTests.swift */; };
/* End PBXBuildFile section */

/* Begin PBXContainerItemProxy section */
		E36201172BBD02360075B3CF /* PBXContainerItemProxy */ = {
			isa = PBXContainerItemProxy;
			containerPortal = E36200F82BBD02350075B3CF /* Project object */;
			proxyType = 1;
			remoteGlobalIDString = E36200FF2BBD02350075B3CF;
			remoteInfo = "recruitment-sdd_study_case_2";
		};
		E36201212BBD02360075B3CF /* PBXContainerItemProxy */ = {
			isa = PBXContainerItemProxy;
			containerPortal = E36200F82BBD02350075B3CF /* Project object */;
			proxyType = 1;
			remoteGlobalIDString = E36200FF2BBD02350075B3CF;
			remoteInfo = "recruitment-sdd_study_case_2";
		};
/* End PBXContainerItemProxy section */

/* Begin PBXFileReference section */
		E36201002BBD02350075B3CF /* recruitment-sdd_study_case_2.app */ = {isa = PBXFileReference; explicitFileType = wrapper.application; includeInIndex = 0; path = "recruitment-sdd_study_case_2.app"; sourceTree = BUILT_PRODUCTS_DIR; };
		E36201032BBD02350075B3CF /* AppDelegate.swift */ = {isa = PBXFileReference; lastKnownFileType = sourcecode.swift; path = AppDelegate.swift; sourceTree = "<group>"; };
		E36201052BBD02350075B3CF /* SceneDelegate.swift */ = {isa = PBXFileReference; lastKnownFileType = sourcecode.swift; path = SceneDelegate.swift; sourceTree = "<group>"; };
		E36201072BBD02350075B3CF /* ViewController.swift */ = {isa = PBXFileReference; lastKnownFileType = sourcecode.swift; path = ViewController.swift; sourceTree = "<group>"; };
		E362010A2BBD02350075B3CF /* Base */ = {isa = PBXFileReference; lastKnownFileType = file.storyboard; name = Base; path = Base.lproj/Main.storyboard; sourceTree = "<group>"; };
		E362010C2BBD02360075B3CF /* Assets.xcassets */ = {isa = PBXFileReference; lastKnownFileType = folder.assetcatalog; path = Assets.xcassets; sourceTree = "<group>"; };
		E362010F2BBD02360075B3CF /* Base */ = {isa = PBXFileReference; lastKnownFileType = file.storyboard; name = Base; path = Base.lproj/LaunchScreen.storyboard; sourceTree = "<group>"; };
		E36201112BBD02360075B3CF /* Info.plist */ = {isa = PBXFileReference; lastKnownFileType = text.plist.xml; path = Info.plist; sourceTree = "<group>"; };
		E36201162BBD02360075B3CF /* recruitment-sdd_study_case_2Tests.xctest */ = {isa = PBXFileReference; explicitFileType = wrapper.cfbundle; includeInIndex = 0; path = "recruitment-sdd_study_case_2Tests.xctest"; sourceTree = BUILT_PRODUCTS_DIR; };
		E362011A2BBD02360075B3CF /* recruitment_sdd_study_case_2Tests.swift */ = {isa = PBXFileReference; lastKnownFileType = sourcecode.swift; path = recruitment_sdd_study_case_2Tests.swift; sourceTree = "<group>"; };
		E36201202BBD02360075B3CF /* recruitment-sdd_study_case_2UITests.xctest */ = {isa = PBXFileReference; explicitFileType = wrapper.cfbundle; includeInIndex = 0; path = "recruitment-sdd_study_case_2UITests.xctest"; sourceTree = BUILT_PRODUCTS_DIR; };
		E36201242BBD02360075B3CF /* recruitment_sdd_study_case_2UITests.swift */ = {isa = PBXFileReference; lastKnownFileType = sourcecode.swift; path = recruitment_sdd_study_case_2UITests.swift; sourceTree = "<group>"; };
		E36201262BBD02360075B3CF /* recruitment_sdd_study_case_2UITestsLaunchTests.swift */ = {isa = PBXFileReference; lastKnownFileType = sourcecode.swift; path = recruitment_sdd_study_case_2UITestsLaunchTests.swift; sourceTree = "<group>"; };
/* End PBXFileReference section */

/* Begin PBXFrameworksBuildPhase section */
		E36200FD2BBD02350075B3CF /* Frameworks */ = {
			isa = PBXFrameworksBuildPhase;
			buildActionMask = 2147483647;
			files = (
			);
			runOnlyForDeploymentPostprocessing = 0;
		};
		E36201132BBD02360075B3CF /* Frameworks */ = {
			isa = PBXFrameworksBuildPhase;
			buildActionMask = 2147483647;
			files = (
			);
			runOnlyForDeploymentPostprocessing = 0;
		};
		E362011D2BBD02360075B3CF /* Frameworks */ = {
			isa = PBXFrameworksBuildPhase;
			buildActionMask = 2147483647;
			files = (
			);
			runOnlyForDeploymentPostprocessing = 0;
		};
/* End PBXFrameworksBuildPhase section */

/* Begin PBXGroup section */
		E36200F72BBD02350075B3CF = {
			isa = PBXGroup;
			children = (
				E36201022BBD02350075B3CF /* recruitment-sdd_study_case_2 */,
				E36201192BBD02360075B3CF /* recruitment-sdd_study_case_2Tests */,
				E36201232BBD02360075B3CF /* recruitment-sdd_study_case_2UITests */,
				E36201012BBD02350075B3CF /* Products */,
			);
			sourceTree = "<group>";
		};
		E36201012BBD02350075B3CF /* Products */ = {
			isa = PBXGroup;
			children = (
				E36201002BBD02350075B3CF /* recruitment-sdd_study_case_2.app */,
				E36201162BBD02360075B3CF /* recruitment-sdd_study_case_2Tests.xctest */,
				E36201202BBD02360075B3CF /* recruitment-sdd_study_case_2UITests.xctest */,
			);
			name = Products;
			sourceTree = "<group>";
		};
		E36201022BBD02350075B3CF /* recruitment-sdd_study_case_2 */ = {
			isa = PBXGroup;
			children = (
				E36201032BBD02350075B3CF /* AppDelegate.swift */,
				E36201052BBD02350075B3CF /* SceneDelegate.swift */,
				E36201072BBD02350075B3CF /* ViewController.swift */,
				E36201092BBD02350075B3CF /* Main.storyboard */,
				E362010C2BBD02360075B3CF /* Assets.xcassets */,
				E362010E2BBD02360075B3CF /* LaunchScreen.storyboard */,
				E36201112BBD02360075B3CF /* Info.plist */,
			);
			path = "recruitment-sdd_study_case_2";
			sourceTree = "<group>";
		};
		E36201192BBD02360075B3CF /* recruitment-sdd_study_case_2Tests */ = {
			isa = PBXGroup;
			children = (
				E362011A2BBD02360075B3CF /* recruitment_sdd_study_case_2Tests.swift */,
			);
			path = "recruitment-sdd_study_case_2Tests";
			sourceTree = "<group>";
		};
		E36201232BBD02360075B3CF /* recruitment-sdd_study_case_2UITests */ = {
			isa = PBXGroup;
			children = (
				E36201242BBD02360075B3CF /* recruitment_sdd_study_case_2UITests.swift */,
				E36201262BBD02360075B3CF /* recruitment_sdd_study_case_2UITestsLaunchTests.swift */,
			);
			path = "recruitment-sdd_study_case_2UITests";
			sourceTree = "<group>";
		};
/* End PBXGroup section */

/* Begin PBXNativeTarget section */
		E36200FF2BBD02350075B3CF /* recruitment-sdd_study_case_2 */ = {
			isa = PBXNativeTarget;
			buildConfigurationList = E362012A2BBD02360075B3CF /* Build configuration list for PBXNativeTarget "recruitment-sdd_study_case_2" */;
			buildPhases = (
				E36200FC2BBD02350075B3CF /* Sources */,
				E36200FD2BBD02350075B3CF /* Frameworks */,
				E36200FE2BBD02350075B3CF /* Resources */,
			);
			buildRules = (
			);
			dependencies = (
			);
			name = "recruitment-sdd_study_case_2";
			productName = "recruitment-sdd_study_case_2";
			productReference = E36201002BBD02350075B3CF /* recruitment-sdd_study_case_2.app */;
			productType = "com.apple.product-type.application";
		};
		E36201152BBD02360075B3CF /* recruitment-sdd_study_case_2Tests */ = {
			isa = PBXNativeTarget;
			buildConfigurationList = E362012D2BBD02360075B3CF /* Build configuration list for PBXNativeTarget "recruitment-sdd_study_case_2Tests" */;
			buildPhases = (
				E36201122BBD02360075B3CF /* Sources */,
				E36201132BBD02360075B3CF /* Frameworks */,
				E36201142BBD02360075B3CF /* Resources */,
			);
			buildRules = (
			);
			dependencies = (
				E36201182BBD02360075B3CF /* PBXTargetDependency */,
			);
			name = "recruitment-sdd_study_case_2Tests";
			productName = "recruitment-sdd_study_case_2Tests";
			productReference = E36201162BBD02360075B3CF /* recruitment-sdd_study_case_2Tests.xctest */;
			productType = "com.apple.product-type.bundle.unit-test";
		};
		E362011F2BBD02360075B3CF /* recruitment-sdd_study_case_2UITests */ = {
			isa = PBXNativeTarget;
			buildConfigurationList = E36201302BBD02360075B3CF /* Build configuration list for PBXNativeTarget "recruitment-sdd_study_case_2UITests" */;
			buildPhases = (
				E362011C2BBD02360075B3CF /* Sources */,
				E362011D2BBD02360075B3CF /* Frameworks */,
				E362011E2BBD02360075B3CF /* Resources */,
			);
			buildRules = (
			);
			dependencies = (
				E36201222BBD02360075B3CF /* PBXTargetDependency */,
			);
			name = "recruitment-sdd_study_case_2UITests";
			productName = "recruitment-sdd_study_case_2UITests";
			productReference = E36201202BBD02360075B3CF /* recruitment-sdd_study_case_2UITests.xctest */;
			productType = "com.apple.product-type.bundle.ui-testing";
		};
/* End PBXNativeTarget section */

/* Begin PBXProject section */
		E36200F82BBD02350075B3CF /* Project object */ = {
			isa = PBXProject;
			attributes = {
				BuildIndependentTargetsInParallel = 1;
				LastSwiftUpdateCheck = 1520;
				LastUpgradeCheck = 1520;
				TargetAttributes = {
					E36200FF2BBD02350075B3CF = {
						CreatedOnToolsVersion = 15.2;
					};
					E36201152BBD02360075B3CF = {
						CreatedOnToolsVersion = 15.2;
						TestTargetID = E36200FF2BBD02350075B3CF;
					};
					E362011F2BBD02360075B3CF = {
						CreatedOnToolsVersion = 15.2;
						TestTargetID = E36200FF2BBD02350075B3CF;
					};
				};
			};
			buildConfigurationList = E36200FB2BBD02350075B3CF /* Build configuration list for PBXProject "recruitment-sdd_study_case_2" */;
			compatibilityVersion = "Xcode 14.0";
			developmentRegion = en;
			hasScannedForEncodings = 0;
			knownRegions = (
				en,
				Base,
			);
			mainGroup = E36200F72BBD02350075B3CF;
			productRefGroup = E36201012BBD02350075B3CF /* Products */;
			projectDirPath = "";
			projectRoot = "";
			targets = (
				E36200FF2BBD02350075B3CF /* recruitment-sdd_study_case_2 */,
				E36201152BBD02360075B3CF /* recruitment-sdd_study_case_2Tests */,
				E362011F2BBD02360075B3CF /* recruitment-sdd_study_case_2UITests */,
			);
		};
/* End PBXProject section */

/* Begin PBXResourcesBuildPhase section */
		E36200FE2BBD02350075B3CF /* Resources */ = {
			isa = PBXResourcesBuildPhase;
			buildActionMask = 2147483647;
			files = (
				E36201102BBD02360075B3CF /* LaunchScreen.storyboard in Resources */,
				E362010D2BBD02360075B3CF /* Assets.xcassets in Resources */,
				E362010B2BBD02350075B3CF /* Main.storyboard in Resources */,
			);
			runOnlyForDeploymentPostprocessing = 0;
		};
		E36201142BBD02360075B3CF /* Resources */ = {
			isa = PBXResourcesBuildPhase;
			buildActionMask = 2147483647;
			files = (
			);
			runOnlyForDeploymentPostprocessing = 0;
		};
		E362011E2BBD02360075B3CF /* Resources */ = {
			isa = PBXResourcesBuildPhase;
			buildActionMask = 2147483647;
			files = (
			);
			runOnlyForDeploymentPostprocessing = 0;
		};
/* End PBXResourcesBuildPhase section */

/* Begin PBXSourcesBuildPhase section */
		E36200FC2BBD02350075B3CF /* Sources */ = {
			isa = PBXSourcesBuildPhase;
			buildActionMask = 2147483647;
			files = (
				E36201082BBD02350075B3CF /* ViewController.swift in Sources */,
				E36201042BBD02350075B3CF /* AppDelegate.swift in Sources */,
				E36201062BBD02350075B3CF /* SceneDelegate.swift in Sources */,
			);
			runOnlyForDeploymentPostprocessing = 0;
		};
		E36201122BBD02360075B3CF /* Sources */ = {
			isa = PBXSourcesBuildPhase;
			buildActionMask = 2147483647;
			files = (
				E362011B2BBD02360075B3CF /* recruitment_sdd_study_case_2Tests.swift in Sources */,
			);
			runOnlyForDeploymentPostprocessing = 0;
		};
		E362011C2BBD02360075B3CF /* Sources */ = {
			isa = PBXSourcesBuildPhase;
			buildActionMask = 2147483647;
			files = (
				E36201272BBD02360075B3CF /* recruitment_sdd_study_case_2UITestsLaunchTests.swift in Sources */,
				E36201252BBD02360075B3CF /* recruitment_sdd_study_case_2UITests.swift in Sources */,
			);
			runOnlyForDeploymentPostprocessing = 0;
		};
/* End PBXSourcesBuildPhase section */

/* Begin PBXTargetDependency section */
		E36201182BBD02360075B3CF /* PBXTargetDependency */ = {
			isa = PBXTargetDependency;
			target = E36200FF2BBD02350075B3CF /* recruitment-sdd_study_case_2 */;
			targetProxy = E36201172BBD02360075B3CF /* PBXContainerItemProxy */;
		};
		E36201222BBD02360075B3CF /* PBXTargetDependency */ = {
			isa = PBXTargetDependency;
			target = E36200FF2BBD02350075B3CF /* recruitment-sdd_study_case_2 */;
			targetProxy = E36201212BBD02360075B3CF /* PBXContainerItemProxy */;
		};
/* End PBXTargetDependency section */

/* Begin PBXVariantGroup section */
		E36201092BBD02350075B3CF /* Main.storyboard */ = {
			isa = PBXVariantGroup;
			children = (
				E362010A2BBD02350075B3CF /* Base */,
			);
			name = Main.storyboard;
			sourceTree = "<group>";
		};
		E362010E2BBD02360075B3CF /* LaunchScreen.storyboard */ = {
			isa = PBXVariantGroup;
			children = (
				E362010F2BBD02360075B3CF /* Base */,
			);
			name = LaunchScreen.storyboard;
			sourceTree = "<group>";
		};
/* End PBXVariantGroup section */

/* Begin XCBuildConfiguration section */
		E36201282BBD02360075B3CF /* Debug */ = {
			isa = XCBuildConfiguration;
			buildSettings = {
				ALWAYS_SEARCH_USER_PATHS = NO;
				ASSETCATALOG_COMPILER_GENERATE_SWIFT_ASSET_SYMBOL_EXTENSIONS = YES;
				CLANG_ANALYZER_NONNULL = YES;
				CLANG_ANALYZER_NUMBER_OBJECT_CONVERSION = YES_AGGRESSIVE;
				CLANG_CXX_LANGUAGE_STANDARD = "gnu++20";
				CLANG_ENABLE_MODULES = YES;
				CLANG_ENABLE_OBJC_ARC = YES;
				CLANG_ENABLE_OBJC_WEAK = YES;
				CLANG_WARN_BLOCK_CAPTURE_AUTORELEASING = YES;
				CLANG_WARN_BOOL_CONVERSION = YES;
				CLANG_WARN_COMMA = YES;
				CLANG_WARN_CONSTANT_CONVERSION = YES;
				CLANG_WARN_DEPRECATED_OBJC_IMPLEMENTATIONS = YES;
				CLANG_WARN_DIRECT_OBJC_ISA_USAGE = YES_ERROR;
				CLANG_WARN_DOCUMENTATION_COMMENTS = YES;
				CLANG_WARN_EMPTY_BODY = YES;
				CLANG_WARN_ENUM_CONVERSION = YES;
				CLANG_WARN_INFINITE_RECURSION = YES;
				CLANG_WARN_INT_CONVERSION = YES;
				CLANG_WARN_NON_LITERAL_NULL_CONVERSION = YES;
				CLANG_WARN_OBJC_IMPLICIT_RETAIN_SELF = YES;
				CLANG_WARN_OBJC_LITERAL_CONVERSION = YES;
				CLANG_WARN_OBJC_ROOT_CLASS = YES_ERROR;
				CLANG_WARN_QUOTED_INCLUDE_IN_FRAMEWORK_HEADER = YES;
				CLANG_WARN_RANGE_LOOP_ANALYSIS = YES;
				CLANG_WARN_STRICT_PROTOTYPES = YES;
				CLANG_WARN_SUSPICIOUS_MOVE = YES;
				CLANG_WARN_UNGUARDED_AVAILABILITY = YES_AGGRESSIVE;
				CLANG_WARN_UNREACHABLE_CODE = YES;
				CLANG_WARN__DUPLICATE_METHOD_MATCH = YES;
				COPY_PHASE_STRIP = NO;
				DEBUG_INFORMATION_FORMAT = dwarf;
				ENABLE_STRICT_OBJC_MSGSEND = YES;
				ENABLE_TESTABILITY = YES;
				ENABLE_USER_SCRIPT_SANDBOXING = YES;
				GCC_C_LANGUAGE_STANDARD = gnu17;
				GCC_DYNAMIC_NO_PIC = NO;
				GCC_NO_COMMON_BLOCKS = YES;
				GCC_OPTIMIZATION_LEVEL = 0;
				GCC_PREPROCESSOR_DEFINITIONS = (
					"DEBUG=1",
					"$(inherited)",
				);
				GCC_WARN_64_TO_32_BIT_CONVERSION = YES;
				GCC_WARN_ABOUT_RETURN_TYPE = YES_ERROR;
				GCC_WARN_UNDECLARED_SELECTOR = YES;
				GCC_WARN_UNINITIALIZED_AUTOS = YES_AGGRESSIVE;
				GCC_WARN_UNUSED_FUNCTION = YES;
				GCC_WARN_UNUSED_VARIABLE = YES;
				IPHONEOS_DEPLOYMENT_TARGET = 17.2;
				LOCALIZATION_PREFERS_STRING_CATALOGS = YES;
				MTL_ENABLE_DEBUG_INFO = INCLUDE_SOURCE;
				MTL_FAST_MATH = YES;
				ONLY_ACTIVE_ARCH = YES;
				SDKROOT = iphoneos;
				SWIFT_ACTIVE_COMPILATION_CONDITIONS = "DEBUG $(inherited)";
				SWIFT_OPTIMIZATION_LEVEL = "-Onone";
			};
			name = Debug;
		};
		E36201292BBD02360075B3CF /* Release */ = {
			isa = XCBuildConfiguration;
			buildSettings = {
				ALWAYS_SEARCH_USER_PATHS = NO;
				ASSETCATALOG_COMPILER_GENERATE_SWIFT_ASSET_SYMBOL_EXTENSIONS = YES;
				CLANG_ANALYZER_NONNULL = YES;
				CLANG_ANALYZER_NUMBER_OBJECT_CONVERSION = YES_AGGRESSIVE;
				CLANG_CXX_LANGUAGE_STANDARD = "gnu++20";
				CLANG_ENABLE_MODULES = YES;
				CLANG_ENABLE_OBJC_ARC = YES;
				CLANG_ENABLE_OBJC_WEAK = YES;
				CLANG_WARN_BLOCK_CAPTURE_AUTORELEASING = YES;
				CLANG_WARN_BOOL_CONVERSION = YES;
				CLANG_WARN_COMMA = YES;
				CLANG_WARN_CONSTANT_CONVERSION = YES;
				CLANG_WARN_DEPRECATED_OBJC_IMPLEMENTATIONS = YES;
				CLANG_WARN_DIRECT_OBJC_ISA_USAGE = YES_ERROR;
				CLANG_WARN_DOCUMENTATION_COMMENTS = YES;
				CLANG_WARN_EMPTY_BODY = YES;
				CLANG_WARN_ENUM_CONVERSION = YES;
				CLANG_WARN_INFINITE_RECURSION = YES;
				CLANG_WARN_INT_CONVERSION = YES;
				CLANG_WARN_NON_LITERAL_NULL_CONVERSION = YES;
				CLANG_WARN_OBJC_IMPLICIT_RETAIN_SELF = YES;
				CLANG_WARN_OBJC_LITERAL_CONVERSION = YES;
				CLANG_WARN_OBJC_ROOT_CLASS = YES_ERROR;
				CLANG_WARN_QUOTED_INCLUDE_IN_FRAMEWORK_HEADER = YES;
				CLANG_WARN_RANGE_LOOP_ANALYSIS = YES;
				CLANG_WARN_STRICT_PROTOTYPES = YES;
				CLANG_WARN_SUSPICIOUS_MOVE = YES;
				CLANG_WARN_UNGUARDED_AVAILABILITY = YES_AGGRESSIVE;
				CLANG_WARN_UNREACHABLE_CODE = YES;
				CLANG_WARN__DUPLICATE_METHOD_MATCH = YES;
				COPY_PHASE_STRIP = NO;
				DEBUG_INFORMATION_FORMAT = "dwarf-with-dsym";
				ENABLE_NS_ASSERTIONS = NO;
				ENABLE_STRICT_OBJC_MSGSEND = YES;
				ENABLE_USER_SCRIPT_SANDBOXING = YES;
				GCC_C_LANGUAGE_STANDARD = gnu17;
				GCC_NO_COMMON_BLOCKS = YES;
				GCC_WARN_64_TO_32_BIT_CONVERSION = YES;
				GCC_WARN_ABOUT_RETURN_TYPE = YES_ERROR;
				GCC_WARN_UNDECLARED_SELECTOR = YES;
				GCC_WARN_UNINITIALIZED_AUTOS = YES_AGGRESSIVE;
				GCC_WARN_UNUSED_FUNCTION = YES;
				GCC_WARN_UNUSED_VARIABLE = YES;
				IPHONEOS_DEPLOYMENT_TARGET = 17.2;
				LOCALIZATION_PREFERS_STRING_CATALOGS = YES;
				MTL_ENABLE_DEBUG_INFO = NO;
				MTL_FAST_MATH = YES;
				SDKROOT = iphoneos;
				SWIFT_COMPILATION_MODE = wholemodule;
				VALIDATE_PRODUCT = YES;
			};
			name = Release;
		};
		E362012B2BBD02360075B3CF /* Debug */ = {
			isa = XCBuildConfiguration;
			buildSettings = {
				ASSETCATALOG_COMPILER_APPICON_NAME = AppIcon;
				ASSETCATALOG_COMPILER_GLOBAL_ACCENT_COLOR_NAME = AccentColor;
				CODE_SIGN_STYLE = Automatic;
				CURRENT_PROJECT_VERSION = 1;
				DEVELOPMENT_TEAM = 2WP2NEKJPE;
				GENERATE_INFOPLIST_FILE = YES;
				INFOPLIST_FILE = "recruitment-sdd_study_case_2/Info.plist";
				INFOPLIST_KEY_UIApplicationSupportsIndirectInputEvents = YES;
				INFOPLIST_KEY_UILaunchStoryboardName = LaunchScreen;
				INFOPLIST_KEY_UIMainStoryboardFile = Main;
				INFOPLIST_KEY_UISupportedInterfaceOrientations_iPad = "UIInterfaceOrientationPortrait UIInterfaceOrientationPortraitUpsideDown UIInterfaceOrientationLandscapeLeft UIInterfaceOrientationLandscapeRight";
				INFOPLIST_KEY_UISupportedInterfaceOrientations_iPhone = "UIInterfaceOrientationPortrait UIInterfaceOrientationLandscapeLeft UIInterfaceOrientationLandscapeRight";
				LD_RUNPATH_SEARCH_PATHS = (
					"$(inherited)",
					"@executable_path/Frameworks",
				);
				MARKETING_VERSION = 1.0;
				PRODUCT_BUNDLE_IDENTIFIER = "recruitment-sdd.recruitment-sdd-study-case-2";
				PRODUCT_NAME = "$(TARGET_NAME)";
				SWIFT_EMIT_LOC_STRINGS = YES;
				SWIFT_VERSION = 5.0;
				TARGETED_DEVICE_FAMILY = "1,2";
			};
			name = Debug;
		};
		E362012C2BBD02360075B3CF /* Release */ = {
			isa = XCBuildConfiguration;
			buildSettings = {
				ASSETCATALOG_COMPILER_APPICON_NAME = AppIcon;
				ASSETCATALOG_COMPILER_GLOBAL_ACCENT_COLOR_NAME = AccentColor;
				CODE_SIGN_STYLE = Automatic;
				CURRENT_PROJECT_VERSION = 1;
				DEVELOPMENT_TEAM = 2WP2NEKJPE;
				GENERATE_INFOPLIST_FILE = YES;
				INFOPLIST_FILE = "recruitment-sdd_study_case_2/Info.plist";
				INFOPLIST_KEY_UIApplicationSupportsIndirectInputEvents = YES;
				INFOPLIST_KEY_UILaunchStoryboardName = LaunchScreen;
				INFOPLIST_KEY_UIMainStoryboardFile = Main;
				INFOPLIST_KEY_UISupportedInterfaceOrientations_iPad = "UIInterfaceOrientationPortrait UIInterfaceOrientationPortraitUpsideDown UIInterfaceOrientationLandscapeLeft UIInterfaceOrientationLandscapeRight";
				INFOPLIST_KEY_UISupportedInterfaceOrientations_iPhone = "UIInterfaceOrientationPortrait UIInterfaceOrientationLandscapeLeft UIInterfaceOrientationLandscapeRight";
				LD_RUNPATH_SEARCH_PATHS = (
					"$(inherited)",
					"@executable_path/Frameworks",
				);
				MARKETING_VERSION = 1.0;
				PRODUCT_BUNDLE_IDENTIFIER = "recruitment-sdd.recruitment-sdd-study-case-2";
				PRODUCT_NAME = "$(TARGET_NAME)";
				SWIFT_EMIT_LOC_STRINGS = YES;
				SWIFT_VERSION = 5.0;
				TARGETED_DEVICE_FAMILY = "1,2";
			};
			name = Release;
		};
		E362012E2BBD02360075B3CF /* Debug */ = {
			isa = XCBuildConfiguration;
			buildSettings = {
				ALWAYS_EMBED_SWIFT_STANDARD_LIBRARIES = YES;
				BUNDLE_LOADER = "$(TEST_HOST)";
				CODE_SIGN_STYLE = Automatic;
				CURRENT_PROJECT_VERSION = 1;
				DEVELOPMENT_TEAM = 2WP2NEKJPE;
				GENERATE_INFOPLIST_FILE = YES;
				IPHONEOS_DEPLOYMENT_TARGET = 17.2;
				MARKETING_VERSION = 1.0;
				PRODUCT_BUNDLE_IDENTIFIER = "recruitment-sdd.recruitment-sdd-study-case-2Tests";
				PRODUCT_NAME = "$(TARGET_NAME)";
				SWIFT_EMIT_LOC_STRINGS = NO;
				SWIFT_VERSION = 5.0;
				TARGETED_DEVICE_FAMILY = "1,2";
				TEST_HOST = "$(BUILT_PRODUCTS_DIR)/recruitment-sdd_study_case_2.app/$(BUNDLE_EXECUTABLE_FOLDER_PATH)/recruitment-sdd_study_case_2";
			};
			name = Debug;
		};
		E362012F2BBD02360075B3CF /* Release */ = {
			isa = XCBuildConfiguration;
			buildSettings = {
				ALWAYS_EMBED_SWIFT_STANDARD_LIBRARIES = YES;
				BUNDLE_LOADER = "$(TEST_HOST)";
				CODE_SIGN_STYLE = Automatic;
				CURRENT_PROJECT_VERSION = 1;
				DEVELOPMENT_TEAM = 2WP2NEKJPE;
				GENERATE_INFOPLIST_FILE = YES;
				IPHONEOS_DEPLOYMENT_TARGET = 17.2;
				MARKETING_VERSION = 1.0;
				PRODUCT_BUNDLE_IDENTIFIER = "recruitment-sdd.recruitment-sdd-study-case-2Tests";
				PRODUCT_NAME = "$(TARGET_NAME)";
				SWIFT_EMIT_LOC_STRINGS = NO;
				SWIFT_VERSION = 5.0;
				TARGETED_DEVICE_FAMILY = "1,2";
				TEST_HOST = "$(BUILT_PRODUCTS_DIR)/recruitment-sdd_study_case_2.app/$(BUNDLE_EXECUTABLE_FOLDER_PATH)/recruitment-sdd_study_case_2";
			};
			name = Release;
		};
		E36201312BBD02360075B3CF /* Debug */ = {
			isa = XCBuildConfiguration;
			buildSettings = {
				ALWAYS_EMBED_SWIFT_STANDARD_LIBRARIES = YES;
				CODE_SIGN_STYLE = Automatic;
				CURRENT_PROJECT_VERSION = 1;
				DEVELOPMENT_TEAM = 2WP2NEKJPE;
				GENERATE_INFOPLIST_FILE = YES;
				MARKETING_VERSION = 1.0;
				PRODUCT_BUNDLE_IDENTIFIER = "recruitment-sdd.recruitment-sdd-study-case-2UITests";
				PRODUCT_NAME = "$(TARGET_NAME)";
				SWIFT_EMIT_LOC_STRINGS = NO;
				SWIFT_VERSION = 5.0;
				TARGETED_DEVICE_FAMILY = "1,2";
				TEST_TARGET_NAME = "recruitment-sdd_study_case_2";
			};
			name = Debug;
		};
		E36201322BBD02360075B3CF /* Release */ = {
			isa = XCBuildConfiguration;
			buildSettings = {
				ALWAYS_EMBED_SWIFT_STANDARD_LIBRARIES = YES;
				CODE_SIGN_STYLE = Automatic;
				CURRENT_PROJECT_VERSION = 1;
				DEVELOPMENT_TEAM = 2WP2NEKJPE;
				GENERATE_INFOPLIST_FILE = YES;
				MARKETING_VERSION = 1.0;
				PRODUCT_BUNDLE_IDENTIFIER = "recruitment-sdd.recruitment-sdd-study-case-2UITests";
				PRODUCT_NAME = "$(TARGET_NAME)";
				SWIFT_EMIT_LOC_STRINGS = NO;
				SWIFT_VERSION = 5.0;
				TARGETED_DEVICE_FAMILY = "1,2";
				TEST_TARGET_NAME = "recruitment-sdd_study_case_2";
			};
			name = Release;
		};
/* End XCBuildConfiguration section */

/* Begin XCConfigurationList section */
		E36200FB2BBD02350075B3CF /* Build configuration list for PBXProject "recruitment-sdd_study_case_2" */ = {
			isa = XCConfigurationList;
			buildConfigurations = (
				E36201282BBD02360075B3CF /* Debug */,
				E36201292BBD02360075B3CF /* Release */,
			);
			defaultConfigurationIsVisible = 0;
			defaultConfigurationName = Release;
		};
		E362012A2BBD02360075B3CF /* Build configuration list for PBXNativeTarget "recruitment-sdd_study_case_2" */ = {
			isa = XCConfigurationList;
			buildConfigurations = (
				E362012B2BBD02360075B3CF /* Debug */,
				E362012C2BBD02360075B3CF /* Release */,
			);
			defaultConfigurationIsVisible = 0;
			defaultConfigurationName = Release;
		};
		E362012D2BBD02360075B3CF /* Build configuration list for PBXNativeTarget "recruitment-sdd_study_case_2Tests" */ = {
			isa = XCConfigurationList;
			buildConfigurations = (
				E362012E2BBD02360075B3CF /* Debug */,
				E362012F2BBD02360075B3CF /* Release */,
			);
			defaultConfigurationIsVisible = 0;
			defaultConfigurationName = Release;
		};
		E36201302BBD02360075B3CF /* Build configuration list for PBXNativeTarget "recruitment-sdd_study_case_2UITests" */ = {
			isa = XCConfigurationList;
			buildConfigurations = (
				E36201312BBD02360075B3CF /* Debug */,
				E36201322BBD02360075B3CF /* Release */,
			);
			defaultConfigurationIsVisible = 0;
			defaultConfigurationName = Release;
		};
/* End XCConfigurationList section */
	};
	rootObject = E36200F82BBD02350075B3CF /* Project object */;
}
